
Microsoft Visual Studio Solution File, Format Version 12.00
# Visual Studio Version 17
VisualStudioVersion = 17.0.32112.339
MinimumVisualStudioVersion = 10.0.40219.1
Project("{9A19103F-16F7-4668-BE54-9A1E7A4F7556}") = "01. Sum Seconds", "01. Sum Seconds\01. Sum Seconds.csproj", "{F0730E7D-FD74-4E06-A71A-4FED6B2F16E5}"
EndProject
Project("{9A19103F-16F7-4668-BE54-9A1E7A4F7556}") = "02. Bonus Score", "02. Bonus Score\02. Bonus Score.csproj", "{A41DE5CF-0918-4F9B-BD5B-F96E543B11FB}"
EndProject
Project("{9A19103F-16F7-4668-BE54-9A1E7A4F7556}") = "03. Time + 15 Minutes", "03. Time + 15 Minutes\03. Time + 15 Minutes.csproj", "{ADAF97F1-A246-4FAE-A47C-03AE42801435}"
EndProject
Project("{9A19103F-16F7-4668-BE54-9A1E7A4F7556}") = "04. Toy Shop", "04. Toy Shop\04. Toy Shop.csproj", "{BF3A722A-187F-4E08-A6B6-15346D1B4730}"
EndProject
Project("{9A19103F-16F7-4668-BE54-9A1E7A4F7556}") = "05. Godzilla vs. Kong", "05. Godzilla vs. Kong\05. Godzilla vs. Kong.csproj", "{BE430E97-3503-4F2A-8FE4-CD852F8E8977}"
EndProject
Project("{9A19103F-16F7-4668-BE54-9A1E7A4F7556}") = "06. World Swimming Record", "06. World Swimming Record\06. World Swimming Record.csproj", "{F7E51B15-78D2-4A63-9CA2-7EA468086AF5}"
EndProject
Project("{FAE04EC0-301F-11D3-BF4B-00C04F79EFBC}") = "07. Shopping", "07. Shopping\07. Shopping.csproj", "{64CE354A-511B-44C1-A4A9-AAB910F7D740}"
EndProject
Global
	GlobalSection(SolutionConfigurationPlatforms) = preSolution
		Debug|Any CPU = Debug|Any CPU
		Release|Any CPU = Release|Any CPU
	EndGlobalSection
	GlobalSection(ProjectConfigurationPlatforms) = postSolution
		{F0730E7D-FD74-4E06-A71A-4FED6B2F16E5}.Debug|Any CPU.ActiveCfg = Debug|Any CPU
		{F0730E7D-FD74-4E06-A71A-4FED6B2F16E5}.Debug|Any CPU.Build.0 = Debug|Any CPU
		{F0730E7D-FD74-4E06-A71A-4FED6B2F16E5}.Release|Any CPU.ActiveCfg = Release|Any CPU
		{F0730E7D-FD74-4E06-A71A-4FED6B2F16E5}.Release|Any CPU.Build.0 = Release|Any CPU
		{A41DE5CF-0918-4F9B-BD5B-F96E543B11FB}.Debug|Any CPU.ActiveCfg = Debug|Any CPU
		{A41DE5CF-0918-4F9B-BD5B-F96E543B11FB}.Debug|Any CPU.Build.0 = Debug|Any CPU
		{A41DE5CF-0918-4F9B-BD5B-F96E543B11FB}.Release|Any CPU.ActiveCfg = Release|Any CPU
		{A41DE5CF-0918-4F9B-BD5B-F96E543B11FB}.Release|Any CPU.Build.0 = Release|Any CPU
		{ADAF97F1-A246-4FAE-A47C-03AE42801435}.Debug|Any CPU.ActiveCfg = Debug|Any CPU
		{ADAF97F1-A246-4FAE-A47C-03AE42801435}.Debug|Any CPU.Build.0 = Debug|Any CPU
		{ADAF97F1-A246-4FAE-A47C-03AE42801435}.Release|Any CPU.ActiveCfg = Release|Any CPU
		{ADAF97F1-A246-4FAE-A47C-03AE42801435}.Release|Any CPU.Build.0 = Release|Any CPU
		{BF3A722A-187F-4E08-A6B6-15346D1B4730}.Debug|Any CPU.ActiveCfg = Debug|Any CPU
		{BF3A722A-187F-4E08-A6B6-15346D1B4730}.Debug|Any CPU.Build.0 = Debug|Any CPU
		{BF3A722A-187F-4E08-A6B6-15346D1B4730}.Release|Any CPU.ActiveCfg = Release|Any CPU
		{BF3A722A-187F-4E08-A6B6-15346D1B4730}.Release|Any CPU.Build.0 = Release|Any CPU
		{BE430E97-3503-4F2A-8FE4-CD852F8E8977}.Debug|Any CPU.ActiveCfg = Debug|Any CPU
		{BE430E97-3503-4F2A-8FE4-CD852F8E8977}.Debug|Any CPU.Build.0 = Debug|Any CPU
		{BE430E97-3503-4F2A-8FE4-CD852F8E8977}.Release|Any CPU.ActiveCfg = Release|Any CPU
		{BE430E97-3503-4F2A-8FE4-CD852F8E8977}.Release|Any CPU.Build.0 = Release|Any CPU
		{F7E51B15-78D2-4A63-9CA2-7EA468086AF5}.Debug|Any CPU.ActiveCfg = Debug|Any CPU
		{F7E51B15-78D2-4A63-9CA2-7EA468086AF5}.Debug|Any CPU.Build.0 = Debug|Any CPU
		{F7E51B15-78D2-4A63-9CA2-7EA468086AF5}.Release|Any CPU.ActiveCfg = Release|Any CPU
		{F7E51B15-78D2-4A63-9CA2-7EA468086AF5}.Release|Any CPU.Build.0 = Release|Any CPU
		{64CE354A-511B-44C1-A4A9-AAB910F7D740}.Debug|Any CPU.ActiveCfg = Debug|Any CPU
		{64CE354A-511B-44C1-A4A9-AAB910F7D740}.Debug|Any CPU.Build.0 = Debug|Any CPU
		{64CE354A-511B-44C1-A4A9-AAB910F7D740}.Release|Any CPU.ActiveCfg = Release|Any CPU
		{64CE354A-511B-44C1-A4A9-AAB910F7D740}.Release|Any CPU.Build.0 = Release|Any CPU
	EndGlobalSection
	GlobalSection(SolutionProperties) = preSolution
		HideSolutionNode = FALSE
	EndGlobalSection
	GlobalSection(ExtensibilityGlobals) = postSolution
		SolutionGuid = {90AC5FCA-AC68-4FC3-AC43-5CBBC9DB3F00}
	EndGlobalSection
EndGlobal
